
Microsoft Visual Studio Solution File, Format Version 12.00
# Visual Studio 15
VisualStudioVersion = 15.0.27130.2024
MinimumVisualStudioVersion = 10.0.40219.1
Project("{FAE04EC0-301F-11D3-BF4B-00C04F79EFBC}") = "train", "train\train.csproj", "{7B8C73B5-EA7F-47F1-9ED7-FEE12F0082F9}"
EndProject
Global
	GlobalSection(SolutionConfigurationPlatforms) = preSolution
		Debug|Any CPU = Debug|Any CPU
		Release|Any CPU = Release|Any CPU
	EndGlobalSection
	GlobalSection(ProjectConfigurationPlatforms) = postSolution
		{7B8C73B5-EA7F-47F1-9ED7-FEE12F0082F9}.Debug|Any CPU.ActiveCfg = Debug|Any CPU
		{7B8C73B5-EA7F-47F1-9ED7-FEE12F0082F9}.Debug|Any CPU.Build.0 = Debug|Any CPU
		{7B8C73B5-EA7F-47F1-9ED7-FEE12F0082F9}.Release|Any CPU.ActiveCfg = Release|Any CPU
		{7B8C73B5-EA7F-47F1-9ED7-FEE12F0082F9}.Release|Any CPU.Build.0 = Release|Any CPU
	EndGlobalSection
	GlobalSection(SolutionProperties) = preSolution
		HideSolutionNode = FALSE
	EndGlobalSection
	GlobalSection(ExtensibilityGlobals) = postSolution
		SolutionGuid = {27E1747B-191F-4519-BF0F-5B45948DF774}
	EndGlobalSection
EndGlobal
