
Microsoft Visual Studio Solution File, Format Version 12.00
# Visual Studio 15
VisualStudioVersion = 15.0.27130.2024
MinimumVisualStudioVersion = 10.0.40219.1
Project("{FAE04EC0-301F-11D3-BF4B-00C04F79EFBC}") = "string", "string\string.csproj", "{65A40854-784A-41A6-BA82-1CD89A415D95}"
EndProject
Global
	GlobalSection(SolutionConfigurationPlatforms) = preSolution
		Debug|Any CPU = Debug|Any CPU
		Release|Any CPU = Release|Any CPU
	EndGlobalSection
	GlobalSection(ProjectConfigurationPlatforms) = postSolution
		{65A40854-784A-41A6-BA82-1CD89A415D95}.Debug|Any CPU.ActiveCfg = Debug|Any CPU
		{65A40854-784A-41A6-BA82-1CD89A415D95}.Debug|Any CPU.Build.0 = Debug|Any CPU
		{65A40854-784A-41A6-BA82-1CD89A415D95}.Release|Any CPU.ActiveCfg = Release|Any CPU
		{65A40854-784A-41A6-BA82-1CD89A415D95}.Release|Any CPU.Build.0 = Release|Any CPU
	EndGlobalSection
	GlobalSection(SolutionProperties) = preSolution
		HideSolutionNode = FALSE
	EndGlobalSection
	GlobalSection(ExtensibilityGlobals) = postSolution
		SolutionGuid = {B569314E-238B-48CA-874E-B2F423877E8C}
	EndGlobalSection
EndGlobal
