
Microsoft Visual Studio Solution File, Format Version 12.00
# Visual Studio 15
VisualStudioVersion = 15.0.27130.2024
MinimumVisualStudioVersion = 10.0.40219.1
Project("{FAE04EC0-301F-11D3-BF4B-00C04F79EFBC}") = "year", "year\year.csproj", "{DE8B8E11-1829-4D0F-ADD5-942E38BD8055}"
EndProject
Global
	GlobalSection(SolutionConfigurationPlatforms) = preSolution
		Debug|Any CPU = Debug|Any CPU
		Release|Any CPU = Release|Any CPU
	EndGlobalSection
	GlobalSection(ProjectConfigurationPlatforms) = postSolution
		{DE8B8E11-1829-4D0F-ADD5-942E38BD8055}.Debug|Any CPU.ActiveCfg = Debug|Any CPU
		{DE8B8E11-1829-4D0F-ADD5-942E38BD8055}.Debug|Any CPU.Build.0 = Debug|Any CPU
		{DE8B8E11-1829-4D0F-ADD5-942E38BD8055}.Release|Any CPU.ActiveCfg = Release|Any CPU
		{DE8B8E11-1829-4D0F-ADD5-942E38BD8055}.Release|Any CPU.Build.0 = Release|Any CPU
	EndGlobalSection
	GlobalSection(SolutionProperties) = preSolution
		HideSolutionNode = FALSE
	EndGlobalSection
	GlobalSection(ExtensibilityGlobals) = postSolution
		SolutionGuid = {D37A7310-8FCD-4441-B7FB-8C628971A17A}
	EndGlobalSection
EndGlobal
