
Microsoft Visual Studio Solution File, Format Version 12.00
# Visual Studio 15
VisualStudioVersion = 15.0.27130.2024
MinimumVisualStudioVersion = 10.0.40219.1
Project("{FAE04EC0-301F-11D3-BF4B-00C04F79EFBC}") = "evenbase_1", "evenbase_1\evenbase_1.csproj", "{42D8246A-B324-422B-B026-3F436DEEDFD4}"
EndProject
Project("{FAE04EC0-301F-11D3-BF4B-00C04F79EFBC}") = "evenbase_2", "evenbase_2\evenbase_2.csproj", "{F7591FE5-04AE-429C-88B6-EB155A867A82}"
EndProject
Global
	GlobalSection(SolutionConfigurationPlatforms) = preSolution
		Debug|Any CPU = Debug|Any CPU
		Release|Any CPU = Release|Any CPU
	EndGlobalSection
	GlobalSection(ProjectConfigurationPlatforms) = postSolution
		{42D8246A-B324-422B-B026-3F436DEEDFD4}.Debug|Any CPU.ActiveCfg = Debug|Any CPU
		{42D8246A-B324-422B-B026-3F436DEEDFD4}.Debug|Any CPU.Build.0 = Debug|Any CPU
		{42D8246A-B324-422B-B026-3F436DEEDFD4}.Release|Any CPU.ActiveCfg = Release|Any CPU
		{42D8246A-B324-422B-B026-3F436DEEDFD4}.Release|Any CPU.Build.0 = Release|Any CPU
		{F7591FE5-04AE-429C-88B6-EB155A867A82}.Debug|Any CPU.ActiveCfg = Debug|Any CPU
		{F7591FE5-04AE-429C-88B6-EB155A867A82}.Debug|Any CPU.Build.0 = Debug|Any CPU
		{F7591FE5-04AE-429C-88B6-EB155A867A82}.Release|Any CPU.ActiveCfg = Release|Any CPU
		{F7591FE5-04AE-429C-88B6-EB155A867A82}.Release|Any CPU.Build.0 = Release|Any CPU
	EndGlobalSection
	GlobalSection(SolutionProperties) = preSolution
		HideSolutionNode = FALSE
	EndGlobalSection
	GlobalSection(ExtensibilityGlobals) = postSolution
		SolutionGuid = {9D29E18E-DA29-4363-B324-481489DC57BA}
	EndGlobalSection
EndGlobal
